
Microsoft Visual Studio Solution File, Format Version 12.00
# Visual Studio Version 17
VisualStudioVersion = 17.0.32014.148
MinimumVisualStudioVersion = 10.0.40219.1
Project("{9A19103F-16F7-4668-BE54-9A1E7A4F7556}") = "BulkyBook", "BulkyBook\BulkyBook.csproj", "{0509EAD1-B4C2-4C32-A86B-94EF4F364FCA}"
EndProject
Project("{FAE04EC0-301F-11D3-BF4B-00C04F79EFBC}") = "BulkyBook.DataAccess", "BulkyBook.DataAccess\BulkyBook.DataAccess.csproj", "{FBD7320F-4E08-43B9-9E02-6A3BDAFC5B26}"
EndProject
Project("{FAE04EC0-301F-11D3-BF4B-00C04F79EFBC}") = "BulkyBook.Models", "BulkyBook.Models\BulkyBook.Models.csproj", "{63E5BCD6-76AD-4029-880C-9EDC748281B0}"
EndProject
Project("{FAE04EC0-301F-11D3-BF4B-00C04F79EFBC}") = "BulkyBook.Utility", "BulkyBook.Utility\BulkyBook.Utility.csproj", "{B786A1E0-91A9-487A-A70F-3C309FAB240B}"
EndProject
Global
	GlobalSection(SolutionConfigurationPlatforms) = preSolution
		Debug|Any CPU = Debug|Any CPU
		Release|Any CPU = Release|Any CPU
	EndGlobalSection
	GlobalSection(ProjectConfigurationPlatforms) = postSolution
		{0509EAD1-B4C2-4C32-A86B-94EF4F364FCA}.Debug|Any CPU.ActiveCfg = Debug|Any CPU
		{0509EAD1-B4C2-4C32-A86B-94EF4F364FCA}.Debug|Any CPU.Build.0 = Debug|Any CPU
		{0509EAD1-B4C2-4C32-A86B-94EF4F364FCA}.Release|Any CPU.ActiveCfg = Release|Any CPU
		{0509EAD1-B4C2-4C32-A86B-94EF4F364FCA}.Release|Any CPU.Build.0 = Release|Any CPU
		{FBD7320F-4E08-43B9-9E02-6A3BDAFC5B26}.Debug|Any CPU.ActiveCfg = Debug|Any CPU
		{FBD7320F-4E08-43B9-9E02-6A3BDAFC5B26}.Debug|Any CPU.Build.0 = Debug|Any CPU
		{FBD7320F-4E08-43B9-9E02-6A3BDAFC5B26}.Release|Any CPU.ActiveCfg = Release|Any CPU
		{FBD7320F-4E08-43B9-9E02-6A3BDAFC5B26}.Release|Any CPU.Build.0 = Release|Any CPU
		{63E5BCD6-76AD-4029-880C-9EDC748281B0}.Debug|Any CPU.ActiveCfg = Debug|Any CPU
		{63E5BCD6-76AD-4029-880C-9EDC748281B0}.Debug|Any CPU.Build.0 = Debug|Any CPU
		{63E5BCD6-76AD-4029-880C-9EDC748281B0}.Release|Any CPU.ActiveCfg = Release|Any CPU
		{63E5BCD6-76AD-4029-880C-9EDC748281B0}.Release|Any CPU.Build.0 = Release|Any CPU
		{B786A1E0-91A9-487A-A70F-3C309FAB240B}.Debug|Any CPU.ActiveCfg = Debug|Any CPU
		{B786A1E0-91A9-487A-A70F-3C309FAB240B}.Debug|Any CPU.Build.0 = Debug|Any CPU
		{B786A1E0-91A9-487A-A70F-3C309FAB240B}.Release|Any CPU.ActiveCfg = Release|Any CPU
		{B786A1E0-91A9-487A-A70F-3C309FAB240B}.Release|Any CPU.Build.0 = Release|Any CPU
	EndGlobalSection
	GlobalSection(SolutionProperties) = preSolution
		HideSolutionNode = FALSE
	EndGlobalSection
	GlobalSection(ExtensibilityGlobals) = postSolution
		SolutionGuid = {634266A9-A98C-41FA-9601-052EE89FA875}
	EndGlobalSection
EndGlobal
